
Microsoft Visual Studio Solution File, Format Version 12.00
# Visual Studio 15
VisualStudioVersion = 15.0.27428.2043
MinimumVisualStudioVersion = 10.0.40219.1
Project("{E24C65DC-7377-472B-9ABA-BC803B73C61A}") = "Project(1)", ".", "{89547C38-8F3B-4B54-B063-FE3EFA090EBA}"
	ProjectSection(WebsiteProperties) = preProject
		TargetFrameworkMoniker = ".NETFramework,Version%3Dv4.0"
		Debug.AspNetCompiler.VirtualPath = "/localhost_60465"
		Debug.AspNetCompiler.PhysicalPath = "..\Project\"
		Debug.AspNetCompiler.TargetPath = "PrecompiledWeb\localhost_60465\"
		Debug.AspNetCompiler.Updateable = "true"
		Debug.AspNetCompiler.ForceOverwrite = "true"
		Debug.AspNetCompiler.FixedNames = "false"
		Debug.AspNetCompiler.Debug = "True"
		Release.AspNetCompiler.VirtualPath = "/localhost_60465"
		Release.AspNetCompiler.PhysicalPath = "..\Project\"
		Release.AspNetCompiler.TargetPath = "PrecompiledWeb\localhost_60465\"
		Release.AspNetCompiler.Updateable = "true"
		Release.AspNetCompiler.ForceOverwrite = "true"
		Release.AspNetCompiler.FixedNames = "false"
		Release.AspNetCompiler.Debug = "False"
		VWDPort = "60465"
		SlnRelativePath = "..\Project\"
	EndProjectSection
EndProject
Global
	GlobalSection(SolutionConfigurationPlatforms) = preSolution
		Debug|Any CPU = Debug|Any CPU
		Release|Any CPU = Release|Any CPU
	EndGlobalSection
	GlobalSection(ProjectConfigurationPlatforms) = postSolution
		{89547C38-8F3B-4B54-B063-FE3EFA090EBA}.Debug|Any CPU.ActiveCfg = Debug|Any CPU
		{89547C38-8F3B-4B54-B063-FE3EFA090EBA}.Debug|Any CPU.Build.0 = Debug|Any CPU
		{89547C38-8F3B-4B54-B063-FE3EFA090EBA}.Release|Any CPU.ActiveCfg = Debug|Any CPU
		{89547C38-8F3B-4B54-B063-FE3EFA090EBA}.Release|Any CPU.Build.0 = Debug|Any CPU
	EndGlobalSection
	GlobalSection(SolutionProperties) = preSolution
		HideSolutionNode = FALSE
	EndGlobalSection
	GlobalSection(ExtensibilityGlobals) = postSolution
		SolutionGuid = {5989C81B-3CAE-4D41-B752-DAD886983EDE}
	EndGlobalSection
EndGlobal
